// !$*UTF8*$!
{
	archiveVersion = 1;
	classes = {
	};
	objectVersion = 50;
	objects = {

/* Begin PBXBuildFile section */
		48B5CF40255AB5D2006D18CE /* AppDelegate.swift in Sources */ = {isa = PBXBuildFile; fileRef = 48B5CF3F255AB5D2006D18CE /* AppDelegate.swift */; };
		48B5CF42255AB5D2006D18CE /* SceneDelegate.swift in Sources */ = {isa = PBXBuildFile; fileRef = 48B5CF41255AB5D2006D18CE /* SceneDelegate.swift */; };
		48B5CF44255AB5D2006D18CE /* ViewController.swift in Sources */ = {isa = PBXBuildFile; fileRef = 48B5CF43255AB5D2006D18CE /* ViewController.swift */; };
		48B5CF47255AB5D2006D18CE /* Main.storyboard in Resources */ = {isa = PBXBuildFile; fileRef = 48B5CF45255AB5D2006D18CE /* Main.storyboard */; };
		48B5CF49255AB5D6006D18CE /* Assets.xcassets in Resources */ = {isa = PBXBuildFile; fileRef = 48B5CF48255AB5D6006D18CE /* Assets.xcassets */; };
		48B5CF4C255AB5D6006D18CE /* LaunchScreen.storyboard in Resources */ = {isa = PBXBuildFile; fileRef = 48B5CF4A255AB5D6006D18CE /* LaunchScreen.storyboard */; };
		48B5CF57255AB5D7006D18CE /* BMI_CalculatorTests.swift in Sources */ = {isa = PBXBuildFile; fileRef = 48B5CF56255AB5D7006D18CE /* BMI_CalculatorTests.swift */; };
		48B5CF62255AB5D7006D18CE /* BMI_CalculatorUITests.swift in Sources */ = {isa = PBXBuildFile; fileRef = 48B5CF61255AB5D7006D18CE /* BMI_CalculatorUITests.swift */; };
/* End PBXBuildFile section */

/* Begin PBXContainerItemProxy section */
		48B5CF53255AB5D7006D18CE /* PBXContainerItemProxy */ = {
			isa = PBXContainerItemProxy;
			containerPortal = 48B5CF34255AB5D2006D18CE /* Project object */;
			proxyType = 1;
			remoteGlobalIDString = 48B5CF3B255AB5D2006D18CE;
			remoteInfo = "BMI Calculator";
		};
		48B5CF5E255AB5D7006D18CE /* PBXContainerItemProxy */ = {
			isa = PBXContainerItemProxy;
			containerPortal = 48B5CF34255AB5D2006D18CE /* Project object */;
			proxyType = 1;
			remoteGlobalIDString = 48B5CF3B255AB5D2006D18CE;
			remoteInfo = "BMI Calculator";
		};
/* End PBXContainerItemProxy section */

/* Begin PBXFileReference section */
		48B5CF3C255AB5D2006D18CE /* BMI Calculator.app */ = {isa = PBXFileReference; explicitFileType = wrapper.application; includeInIndex = 0; path = "BMI Calculator.app"; sourceTree = BUILT_PRODUCTS_DIR; };
		48B5CF3F255AB5D2006D18CE /* AppDelegate.swift */ = {isa = PBXFileReference; lastKnownFileType = sourcecode.swift; path = AppDelegate.swift; sourceTree = "<group>"; };
		48B5CF41255AB5D2006D18CE /* SceneDelegate.swift */ = {isa = PBXFileReference; lastKnownFileType = sourcecode.swift; path = SceneDelegate.swift; sourceTree = "<group>"; };
		48B5CF43255AB5D2006D18CE /* ViewController.swift */ = {isa = PBXFileReference; lastKnownFileType = sourcecode.swift; path = ViewController.swift; sourceTree = "<group>"; };
		48B5CF46255AB5D2006D18CE /* Base */ = {isa = PBXFileReference; lastKnownFileType = file.storyboard; name = Base; path = Base.lproj/Main.storyboard; sourceTree = "<group>"; };
		48B5CF48255AB5D6006D18CE /* Assets.xcassets */ = {isa = PBXFileReference; lastKnownFileType = folder.assetcatalog; path = Assets.xcassets; sourceTree = "<group>"; };
		48B5CF4B255AB5D6006D18CE /* Base */ = {isa = PBXFileReference; lastKnownFileType = file.storyboard; name = Base; path = Base.lproj/LaunchScreen.storyboard; sourceTree = "<group>"; };
		48B5CF4D255AB5D6006D18CE /* Info.plist */ = {isa = PBXFileReference; lastKnownFileType = text.plist.xml; path = Info.plist; sourceTree = "<group>"; };
		48B5CF52255AB5D7006D18CE /* BMI CalculatorTests.xctest */ = {isa = PBXFileReference; explicitFileType = wrapper.cfbundle; includeInIndex = 0; path = "BMI CalculatorTests.xctest"; sourceTree = BUILT_PRODUCTS_DIR; };
		48B5CF56255AB5D7006D18CE /* BMI_CalculatorTests.swift */ = {isa = PBXFileReference; lastKnownFileType = sourcecode.swift; path = BMI_CalculatorTests.swift; sourceTree = "<group>"; };
		48B5CF58255AB5D7006D18CE /* Info.plist */ = {isa = PBXFileReference; lastKnownFileType = text.plist.xml; path = Info.plist; sourceTree = "<group>"; };
		48B5CF5D255AB5D7006D18CE /* BMI CalculatorUITests.xctest */ = {isa = PBXFileReference; explicitFileType = wrapper.cfbundle; includeInIndex = 0; path = "BMI CalculatorUITests.xctest"; sourceTree = BUILT_PRODUCTS_DIR; };
		48B5CF61255AB5D7006D18CE /* BMI_CalculatorUITests.swift */ = {isa = PBXFileReference; lastKnownFileType = sourcecode.swift; path = BMI_CalculatorUITests.swift; sourceTree = "<group>"; };
		48B5CF63255AB5D7006D18CE /* Info.plist */ = {isa = PBXFileReference; lastKnownFileType = text.plist.xml; path = Info.plist; sourceTree = "<group>"; };
/* End PBXFileReference section */

/* Begin PBXFrameworksBuildPhase section */
		48B5CF39255AB5D2006D18CE /* Frameworks */ = {
			isa = PBXFrameworksBuildPhase;
			buildActionMask = 2147483647;
			files = (
			);
			runOnlyForDeploymentPostprocessing = 0;
		};
		48B5CF4F255AB5D7006D18CE /* Frameworks */ = {
			isa = PBXFrameworksBuildPhase;
			buildActionMask = 2147483647;
			files = (
			);
			runOnlyForDeploymentPostprocessing = 0;
		};
		48B5CF5A255AB5D7006D18CE /* Frameworks */ = {
			isa = PBXFrameworksBuildPhase;
			buildActionMask = 2147483647;
			files = (
			);
			runOnlyForDeploymentPostprocessing = 0;
		};
/* End PBXFrameworksBuildPhase section */

/* Begin PBXGroup section */
		48B5CF33255AB5D2006D18CE = {
			isa = PBXGroup;
			children = (
				48B5CF3E255AB5D2006D18CE /* BMI Calculator */,
				48B5CF55255AB5D7006D18CE /* BMI CalculatorTests */,
				48B5CF60255AB5D7006D18CE /* BMI CalculatorUITests */,
				48B5CF3D255AB5D2006D18CE /* Products */,
			);
			sourceTree = "<group>";
		};
		48B5CF3D255AB5D2006D18CE /* Products */ = {
			isa = PBXGroup;
			children = (
				48B5CF3C255AB5D2006D18CE /* BMI Calculator.app */,
				48B5CF52255AB5D7006D18CE /* BMI CalculatorTests.xctest */,
				48B5CF5D255AB5D7006D18CE /* BMI CalculatorUITests.xctest */,
			);
			name = Products;
			sourceTree = "<group>";
		};
		48B5CF3E255AB5D2006D18CE /* BMI Calculator */ = {
			isa = PBXGroup;
			children = (
				48B5CF3F255AB5D2006D18CE /* AppDelegate.swift */,
				48B5CF41255AB5D2006D18CE /* SceneDelegate.swift */,
				48B5CF43255AB5D2006D18CE /* ViewController.swift */,
				48B5CF45255AB5D2006D18CE /* Main.storyboard */,
				48B5CF48255AB5D6006D18CE /* Assets.xcassets */,
				48B5CF4A255AB5D6006D18CE /* LaunchScreen.storyboard */,
				48B5CF4D255AB5D6006D18CE /* Info.plist */,
			);
			path = "BMI Calculator";
			sourceTree = "<group>";
		};
		48B5CF55255AB5D7006D18CE /* BMI CalculatorTests */ = {
			isa = PBXGroup;
			children = (
				48B5CF56255AB5D7006D18CE /* BMI_CalculatorTests.swift */,
				48B5CF58255AB5D7006D18CE /* Info.plist */,
			);
			path = "BMI CalculatorTests";
			sourceTree = "<group>";
		};
		48B5CF60255AB5D7006D18CE /* BMI CalculatorUITests */ = {
			isa = PBXGroup;
			children = (
				48B5CF61255AB5D7006D18CE /* BMI_CalculatorUITests.swift */,
				48B5CF63255AB5D7006D18CE /* Info.plist */,
			);
			path = "BMI CalculatorUITests";
			sourceTree = "<group>";
		};
/* End PBXGroup section */

/* Begin PBXNativeTarget section */
		48B5CF3B255AB5D2006D18CE /* BMI Calculator */ = {
			isa = PBXNativeTarget;
			buildConfigurationList = 48B5CF66255AB5D7006D18CE /* Build configuration list for PBXNativeTarget "BMI Calculator" */;
			buildPhases = (
				48B5CF38255AB5D2006D18CE /* Sources */,
				48B5CF39255AB5D2006D18CE /* Frameworks */,
				48B5CF3A255AB5D2006D18CE /* Resources */,
			);
			buildRules = (
			);
			dependencies = (
			);
			name = "BMI Calculator";
			productName = "BMI Calculator";
			productReference = 48B5CF3C255AB5D2006D18CE /* BMI Calculator.app */;
			productType = "com.apple.product-type.application";
		};
		48B5CF51255AB5D7006D18CE /* BMI CalculatorTests */ = {
			isa = PBXNativeTarget;
			buildConfigurationList = 48B5CF69255AB5D7006D18CE /* Build configuration list for PBXNativeTarget "BMI CalculatorTests" */;
			buildPhases = (
				48B5CF4E255AB5D7006D18CE /* Sources */,
				48B5CF4F255AB5D7006D18CE /* Frameworks */,
				48B5CF50255AB5D7006D18CE /* Resources */,
			);
			buildRules = (
			);
			dependencies = (
				48B5CF54255AB5D7006D18CE /* PBXTargetDependency */,
			);
			name = "BMI CalculatorTests";
			productName = "BMI CalculatorTests";
			productReference = 48B5CF52255AB5D7006D18CE /* BMI CalculatorTests.xctest */;
			productType = "com.apple.product-type.bundle.unit-test";
		};
		48B5CF5C255AB5D7006D18CE /* BMI CalculatorUITests */ = {
			isa = PBXNativeTarget;
			buildConfigurationList = 48B5CF6C255AB5D7006D18CE /* Build configuration list for PBXNativeTarget "BMI CalculatorUITests" */;
			buildPhases = (
				48B5CF59255AB5D7006D18CE /* Sources */,
				48B5CF5A255AB5D7006D18CE /* Frameworks */,
				48B5CF5B255AB5D7006D18CE /* Resources */,
			);
			buildRules = (
			);
			dependencies = (
				48B5CF5F255AB5D7006D18CE /* PBXTargetDependency */,
			);
			name = "BMI CalculatorUITests";
			productName = "BMI CalculatorUITests";
			productReference = 48B5CF5D255AB5D7006D18CE /* BMI CalculatorUITests.xctest */;
			productType = "com.apple.product-type.bundle.ui-testing";
		};
/* End PBXNativeTarget section */

/* Begin PBXProject section */
		48B5CF34255AB5D2006D18CE /* Project object */ = {
			isa = PBXProject;
			attributes = {
				LastSwiftUpdateCheck = 1210;
				LastUpgradeCheck = 1210;
				TargetAttributes = {
					48B5CF3B255AB5D2006D18CE = {
						CreatedOnToolsVersion = 12.1;
					};
					48B5CF51255AB5D7006D18CE = {
						CreatedOnToolsVersion = 12.1;
						TestTargetID = 48B5CF3B255AB5D2006D18CE;
					};
					48B5CF5C255AB5D7006D18CE = {
						CreatedOnToolsVersion = 12.1;
						TestTargetID = 48B5CF3B255AB5D2006D18CE;
					};
				};
			};
			buildConfigurationList = 48B5CF37255AB5D2006D18CE /* Build configuration list for PBXProject "BMI Calculator" */;
			compatibilityVersion = "Xcode 9.3";
			developmentRegion = en;
			hasScannedForEncodings = 0;
			knownRegions = (
				en,
				Base,
			);
			mainGroup = 48B5CF33255AB5D2006D18CE;
			productRefGroup = 48B5CF3D255AB5D2006D18CE /* Products */;
			projectDirPath = "";
			projectRoot = "";
			targets = (
				48B5CF3B255AB5D2006D18CE /* BMI Calculator */,
				48B5CF51255AB5D7006D18CE /* BMI CalculatorTests */,
				48B5CF5C255AB5D7006D18CE /* BMI CalculatorUITests */,
			);
		};
/* End PBXProject section */

/* Begin PBXResourcesBuildPhase section */
		48B5CF3A255AB5D2006D18CE /* Resources */ = {
			isa = PBXResourcesBuildPhase;
			buildActionMask = 2147483647;
			files = (
				48B5CF4C255AB5D6006D18CE /* LaunchScreen.storyboard in Resources */,
				48B5CF49255AB5D6006D18CE /* Assets.xcassets in Resources */,
				48B5CF47255AB5D2006D18CE /* Main.storyboard in Resources */,
			);
			runOnlyForDeploymentPostprocessing = 0;
		};
		48B5CF50255AB5D7006D18CE /* Resources */ = {
			isa = PBXResourcesBuildPhase;
			buildActionMask = 2147483647;
			files = (
			);
			runOnlyForDeploymentPostprocessing = 0;
		};
		48B5CF5B255AB5D7006D18CE /* Resources */ = {
			isa = PBXResourcesBuildPhase;
			buildActionMask = 2147483647;
			files = (
			);
			runOnlyForDeploymentPostprocessing = 0;
		};
/* End PBXResourcesBuildPhase section */

/* Begin PBXSourcesBuildPhase section */
		48B5CF38255AB5D2006D18CE /* Sources */ = {
			isa = PBXSourcesBuildPhase;
			buildActionMask = 2147483647;
			files = (
				48B5CF44255AB5D2006D18CE /* ViewController.swift in Sources */,
				48B5CF40255AB5D2006D18CE /* AppDelegate.swift in Sources */,
				48B5CF42255AB5D2006D18CE /* SceneDelegate.swift in Sources */,
			);
			runOnlyForDeploymentPostprocessing = 0;
		};
		48B5CF4E255AB5D7006D18CE /* Sources */ = {
			isa = PBXSourcesBuildPhase;
			buildActionMask = 2147483647;
			files = (
				48B5CF57255AB5D7006D18CE /* BMI_CalculatorTests.swift in Sources */,
			);
			runOnlyForDeploymentPostprocessing = 0;
		};
		48B5CF59255AB5D7006D18CE /* Sources */ = {
			isa = PBXSourcesBuildPhase;
			buildActionMask = 2147483647;
			files = (
				48B5CF62255AB5D7006D18CE /* BMI_CalculatorUITests.swift in Sources */,
			);
			runOnlyForDeploymentPostprocessing = 0;
		};
/* End PBXSourcesBuildPhase section */

/* Begin PBXTargetDependency section */
		48B5CF54255AB5D7006D18CE /* PBXTargetDependency */ = {
			isa = PBXTargetDependency;
			target = 48B5CF3B255AB5D2006D18CE /* BMI Calculator */;
			targetProxy = 48B5CF53255AB5D7006D18CE /* PBXContainerItemProxy */;
		};
		48B5CF5F255AB5D7006D18CE /* PBXTargetDependency */ = {
			isa = PBXTargetDependency;
			target = 48B5CF3B255AB5D2006D18CE /* BMI Calculator */;
			targetProxy = 48B5CF5E255AB5D7006D18CE /* PBXContainerItemProxy */;
		};
/* End PBXTargetDependency section */

/* Begin PBXVariantGroup section */
		48B5CF45255AB5D2006D18CE /* Main.storyboard */ = {
			isa = PBXVariantGroup;
			children = (
				48B5CF46255AB5D2006D18CE /* Base */,
			);
			name = Main.storyboard;
			sourceTree = "<group>";
		};
		48B5CF4A255AB5D6006D18CE /* LaunchScreen.storyboard */ = {
			isa = PBXVariantGroup;
			children = (
				48B5CF4B255AB5D6006D18CE /* Base */,
			);
			name = LaunchScreen.storyboard;
			sourceTree = "<group>";
		};
/* End PBXVariantGroup section */

/* Begin XCBuildConfiguration section */
		48B5CF64255AB5D7006D18CE /* Debug */ = {
			isa = XCBuildConfiguration;
			buildSettings = {
				ALWAYS_SEARCH_USER_PATHS = NO;
				CLANG_ANALYZER_NONNULL = YES;
				CLANG_ANALYZER_NUMBER_OBJECT_CONVERSION = YES_AGGRESSIVE;
				CLANG_CXX_LANGUAGE_STANDARD = "gnu++14";
				CLANG_CXX_LIBRARY = "libc++";
				CLANG_ENABLE_MODULES = YES;
				CLANG_ENABLE_OBJC_ARC = YES;
				CLANG_ENABLE_OBJC_WEAK = YES;
				CLANG_WARN_BLOCK_CAPTURE_AUTORELEASING = YES;
				CLANG_WARN_BOOL_CONVERSION = YES;
				CLANG_WARN_COMMA = YES;
				CLANG_WARN_CONSTANT_CONVERSION = YES;
				CLANG_WARN_DEPRECATED_OBJC_IMPLEMENTATIONS = YES;
				CLANG_WARN_DIRECT_OBJC_ISA_USAGE = YES_ERROR;
				CLANG_WARN_DOCUMENTATION_COMMENTS = YES;
				CLANG_WARN_EMPTY_BODY = YES;
				CLANG_WARN_ENUM_CONVERSION = YES;
				CLANG_WARN_INFINITE_RECURSION = YES;
				CLANG_WARN_INT_CONVERSION = YES;
				CLANG_WARN_NON_LITERAL_NULL_CONVERSION = YES;
				CLANG_WARN_OBJC_IMPLICIT_RETAIN_SELF = YES;
				CLANG_WARN_OBJC_LITERAL_CONVERSION = YES;
				CLANG_WARN_OBJC_ROOT_CLASS = YES_ERROR;
				CLANG_WARN_QUOTED_INCLUDE_IN_FRAMEWORK_HEADER = YES;
				CLANG_WARN_RANGE_LOOP_ANALYSIS = YES;
				CLANG_WARN_STRICT_PROTOTYPES = YES;
				CLANG_WARN_SUSPICIOUS_MOVE = YES;
				CLANG_WARN_UNGUARDED_AVAILABILITY = YES_AGGRESSIVE;
				CLANG_WARN_UNREACHABLE_CODE = YES;
				CLANG_WARN__DUPLICATE_METHOD_MATCH = YES;
				COPY_PHASE_STRIP = NO;
				DEBUG_INFORMATION_FORMAT = dwarf;
				ENABLE_STRICT_OBJC_MSGSEND = YES;
				ENABLE_TESTABILITY = YES;
				GCC_C_LANGUAGE_STANDARD = gnu11;
				GCC_DYNAMIC_NO_PIC = NO;
				GCC_NO_COMMON_BLOCKS = YES;
				GCC_OPTIMIZATION_LEVEL = 0;
				GCC_PREPROCESSOR_DEFINITIONS = (
					"DEBUG=1",
					"$(inherited)",
				);
				GCC_WARN_64_TO_32_BIT_CONVERSION = YES;
				GCC_WARN_ABOUT_RETURN_TYPE = YES_ERROR;
				GCC_WARN_UNDECLARED_SELECTOR = YES;
				GCC_WARN_UNINITIALIZED_AUTOS = YES_AGGRESSIVE;
				GCC_WARN_UNUSED_FUNCTION = YES;
				GCC_WARN_UNUSED_VARIABLE = YES;
				IPHONEOS_DEPLOYMENT_TARGET = 14.1;
				MTL_ENABLE_DEBUG_INFO = INCLUDE_SOURCE;
				MTL_FAST_MATH = YES;
				ONLY_ACTIVE_ARCH = YES;
				SDKROOT = iphoneos;
				SWIFT_ACTIVE_COMPILATION_CONDITIONS = DEBUG;
				SWIFT_OPTIMIZATION_LEVEL = "-Onone";
			};
			name = Debug;
		};
		48B5CF65255AB5D7006D18CE /* Release */ = {
			isa = XCBuildConfiguration;
			buildSettings = {
				ALWAYS_SEARCH_USER_PATHS = NO;
				CLANG_ANALYZER_NONNULL = YES;
				CLANG_ANALYZER_NUMBER_OBJECT_CONVERSION = YES_AGGRESSIVE;
				CLANG_CXX_LANGUAGE_STANDARD = "gnu++14";
				CLANG_CXX_LIBRARY = "libc++";
				CLANG_ENABLE_MODULES = YES;
				CLANG_ENABLE_OBJC_ARC = YES;
				CLANG_ENABLE_OBJC_WEAK = YES;
				CLANG_WARN_BLOCK_CAPTURE_AUTORELEASING = YES;
				CLANG_WARN_BOOL_CONVERSION = YES;
				CLANG_WARN_COMMA = YES;
				CLANG_WARN_CONSTANT_CONVERSION = YES;
				CLANG_WARN_DEPRECATED_OBJC_IMPLEMENTATIONS = YES;
				CLANG_WARN_DIRECT_OBJC_ISA_USAGE = YES_ERROR;
				CLANG_WARN_DOCUMENTATION_COMMENTS = YES;
				CLANG_WARN_EMPTY_BODY = YES;
				CLANG_WARN_ENUM_CONVERSION = YES;
				CLANG_WARN_INFINITE_RECURSION = YES;
				CLANG_WARN_INT_CONVERSION = YES;
				CLANG_WARN_NON_LITERAL_NULL_CONVERSION = YES;
				CLANG_WARN_OBJC_IMPLICIT_RETAIN_SELF = YES;
				CLANG_WARN_OBJC_LITERAL_CONVERSION = YES;
				CLANG_WARN_OBJC_ROOT_CLASS = YES_ERROR;
				CLANG_WARN_QUOTED_INCLUDE_IN_FRAMEWORK_HEADER = YES;
				CLANG_WARN_RANGE_LOOP_ANALYSIS = YES;
				CLANG_WARN_STRICT_PROTOTYPES = YES;
				CLANG_WARN_SUSPICIOUS_MOVE = YES;
				CLANG_WARN_UNGUARDED_AVAILABILITY = YES_AGGRESSIVE;
				CLANG_WARN_UNREACHABLE_CODE = YES;
				CLANG_WARN__DUPLICATE_METHOD_MATCH = YES;
				COPY_PHASE_STRIP = NO;
				DEBUG_INFORMATION_FORMAT = "dwarf-with-dsym";
				ENABLE_NS_ASSERTIONS = NO;
				ENABLE_STRICT_OBJC_MSGSEND = YES;
				GCC_C_LANGUAGE_STANDARD = gnu11;
				GCC_NO_COMMON_BLOCKS = YES;
				GCC_WARN_64_TO_32_BIT_CONVERSION = YES;
				GCC_WARN_ABOUT_RETURN_TYPE = YES_ERROR;
				GCC_WARN_UNDECLARED_SELECTOR = YES;
				GCC_WARN_UNINITIALIZED_AUTOS = YES_AGGRESSIVE;
				GCC_WARN_UNUSED_FUNCTION = YES;
				GCC_WARN_UNUSED_VARIABLE = YES;
				IPHONEOS_DEPLOYMENT_TARGET = 14.1;
				MTL_ENABLE_DEBUG_INFO = NO;
				MTL_FAST_MATH = YES;
				SDKROOT = iphoneos;
				SWIFT_COMPILATION_MODE = wholemodule;
				SWIFT_OPTIMIZATION_LEVEL = "-O";
				VALIDATE_PRODUCT = YES;
			};
			name = Release;
		};
		48B5CF67255AB5D7006D18CE /* Debug */ = {
			isa = XCBuildConfiguration;
			buildSettings = {
				ASSETCATALOG_COMPILER_APPICON_NAME = AppIcon;
				ASSETCATALOG_COMPILER_GLOBAL_ACCENT_COLOR_NAME = AccentColor;
				CODE_SIGN_STYLE = Automatic;
				DEVELOPMENT_TEAM = 2FN25VD7TR;
				INFOPLIST_FILE = "BMI Calculator/Info.plist";
				LD_RUNPATH_SEARCH_PATHS = (
					"$(inherited)",
					"@executable_path/Frameworks",
				);
				PRODUCT_BUNDLE_IDENTIFIER = "maixuanlinh.com.BMI-Calculator";
				PRODUCT_NAME = "$(TARGET_NAME)";
				SWIFT_VERSION = 5.0;
				TARGETED_DEVICE_FAMILY = "1,2";
			};
			name = Debug;
		};
		48B5CF68255AB5D7006D18CE /* Release */ = {
			isa = XCBuildConfiguration;
			buildSettings = {
				ASSETCATALOG_COMPILER_APPICON_NAME = AppIcon;
				ASSETCATALOG_COMPILER_GLOBAL_ACCENT_COLOR_NAME = AccentColor;
				CODE_SIGN_STYLE = Automatic;
				DEVELOPMENT_TEAM = 2FN25VD7TR;
				INFOPLIST_FILE = "BMI Calculator/Info.plist";
				LD_RUNPATH_SEARCH_PATHS = (
					"$(inherited)",
					"@executable_path/Frameworks",
				);
				PRODUCT_BUNDLE_IDENTIFIER = "maixuanlinh.com.BMI-Calculator";
				PRODUCT_NAME = "$(TARGET_NAME)";
				SWIFT_VERSION = 5.0;
				TARGETED_DEVICE_FAMILY = "1,2";
			};
			name = Release;
		};
		48B5CF6A255AB5D7006D18CE /* Debug */ = {
			isa = XCBuildConfiguration;
			buildSettings = {
				ALWAYS_EMBED_SWIFT_STANDARD_LIBRARIES = YES;
				BUNDLE_LOADER = "$(TEST_HOST)";
				CODE_SIGN_STYLE = Automatic;
				DEVELOPMENT_TEAM = 2FN25VD7TR;
				INFOPLIST_FILE = "BMI CalculatorTests/Info.plist";
				IPHONEOS_DEPLOYMENT_TARGET = 14.1;
				LD_RUNPATH_SEARCH_PATHS = (
					"$(inherited)",
					"@executable_path/Frameworks",
					"@loader_path/Frameworks",
				);
				PRODUCT_BUNDLE_IDENTIFIER = "maixuanlinh.com.BMI-CalculatorTests";
				PRODUCT_NAME = "$(TARGET_NAME)";
				SWIFT_VERSION = 5.0;
				TARGETED_DEVICE_FAMILY = "1,2";
				TEST_HOST = "$(BUILT_PRODUCTS_DIR)/BMI Calculator.app/BMI Calculator";
			};
			name = Debug;
		};
		48B5CF6B255AB5D7006D18CE /* Release */ = {
			isa = XCBuildConfiguration;
			buildSettings = {
				ALWAYS_EMBED_SWIFT_STANDARD_LIBRARIES = YES;
				BUNDLE_LOADER = "$(TEST_HOST)";
				CODE_SIGN_STYLE = Automatic;
				DEVELOPMENT_TEAM = 2FN25VD7TR;
				INFOPLIST_FILE = "BMI CalculatorTests/Info.plist";
				IPHONEOS_DEPLOYMENT_TARGET = 14.1;
				LD_RUNPATH_SEARCH_PATHS = (
					"$(inherited)",
					"@executable_path/Frameworks",
					"@loader_path/Frameworks",
				);
				PRODUCT_BUNDLE_IDENTIFIER = "maixuanlinh.com.BMI-CalculatorTests";
				PRODUCT_NAME = "$(TARGET_NAME)";
				SWIFT_VERSION = 5.0;
				TARGETED_DEVICE_FAMILY = "1,2";
				TEST_HOST = "$(BUILT_PRODUCTS_DIR)/BMI Calculator.app/BMI Calculator";
			};
			name = Release;
		};
		48B5CF6D255AB5D7006D18CE /* Debug */ = {
			isa = XCBuildConfiguration;
			buildSettings = {
				ALWAYS_EMBED_SWIFT_STANDARD_LIBRARIES = YES;
				CODE_SIGN_STYLE = Automatic;
				DEVELOPMENT_TEAM = 2FN25VD7TR;
				INFOPLIST_FILE = "BMI CalculatorUITests/Info.plist";
				LD_RUNPATH_SEARCH_PATHS = (
					"$(inherited)",
					"@executable_path/Frameworks",
					"@loader_path/Frameworks",
				);
				PRODUCT_BUNDLE_IDENTIFIER = "maixuanlinh.com.BMI-CalculatorUITests";
				PRODUCT_NAME = "$(TARGET_NAME)";
				SWIFT_VERSION = 5.0;
				TARGETED_DEVICE_FAMILY = "1,2";
				TEST_TARGET_NAME = "BMI Calculator";
			};
			name = Debug;
		};
		48B5CF6E255AB5D7006D18CE /* Release */ = {
			isa = XCBuildConfiguration;
			buildSettings = {
				ALWAYS_EMBED_SWIFT_STANDARD_LIBRARIES = YES;
				CODE_SIGN_STYLE = Automatic;
				DEVELOPMENT_TEAM = 2FN25VD7TR;
				INFOPLIST_FILE = "BMI CalculatorUITests/Info.plist";
				LD_RUNPATH_SEARCH_PATHS = (
					"$(inherited)",
					"@executable_path/Frameworks",
					"@loader_path/Frameworks",
				);
				PRODUCT_BUNDLE_IDENTIFIER = "maixuanlinh.com.BMI-CalculatorUITests";
				PRODUCT_NAME = "$(TARGET_NAME)";
				SWIFT_VERSION = 5.0;
				TARGETED_DEVICE_FAMILY = "1,2";
				TEST_TARGET_NAME = "BMI Calculator";
			};
			name = Release;
		};
/* End XCBuildConfiguration section */

/* Begin XCConfigurationList section */
		48B5CF37255AB5D2006D18CE /* Build configuration list for PBXProject "BMI Calculator" */ = {
			isa = XCConfigurationList;
			buildConfigurations = (
				48B5CF64255AB5D7006D18CE /* Debug */,
				48B5CF65255AB5D7006D18CE /* Release */,
			);
			defaultConfigurationIsVisible = 0;
			defaultConfigurationName = Release;
		};
		48B5CF66255AB5D7006D18CE /* Build configuration list for PBXNativeTarget "BMI Calculator" */ = {
			isa = XCConfigurationList;
			buildConfigurations = (
				48B5CF67255AB5D7006D18CE /* Debug */,
				48B5CF68255AB5D7006D18CE /* Release */,
			);
			defaultConfigurationIsVisible = 0;
			defaultConfigurationName = Release;
		};
		48B5CF69255AB5D7006D18CE /* Build configuration list for PBXNativeTarget "BMI CalculatorTests" */ = {
			isa = XCConfigurationList;
			buildConfigurations = (
				48B5CF6A255AB5D7006D18CE /* Debug */,
				48B5CF6B255AB5D7006D18CE /* Release */,
			);
			defaultConfigurationIsVisible = 0;
			defaultConfigurationName = Release;
		};
		48B5CF6C255AB5D7006D18CE /* Build configuration list for PBXNativeTarget "BMI CalculatorUITests" */ = {
			isa = XCConfigurationList;
			buildConfigurations = (
				48B5CF6D255AB5D7006D18CE /* Debug */,
				48B5CF6E255AB5D7006D18CE /* Release */,
			);
			defaultConfigurationIsVisible = 0;
			defaultConfigurationName = Release;
		};
/* End XCConfigurationList section */
	};
	rootObject = 48B5CF34255AB5D2006D18CE /* Project object */;
}
